
Microsoft Visual Studio Solution File, Format Version 12.00
# Visual Studio Version 17
VisualStudioVersion = 17.7.34031.279
MinimumVisualStudioVersion = 10.0.40219.1
Project("{FAE04EC0-301F-11D3-BF4B-00C04F79EFBC}") = "SerilogExample", "SerilogExample\SerilogExample.csproj", "{835402F8-EBA4-4FE4-99E1-4890032B6928}"
EndProject
Global
	GlobalSection(SolutionConfigurationPlatforms) = preSolution
		Debug|Any CPU = Debug|Any CPU
		Release|Any CPU = Release|Any CPU
	EndGlobalSection
	GlobalSection(ProjectConfigurationPlatforms) = postSolution
		{835402F8-EBA4-4FE4-99E1-4890032B6928}.Debug|Any CPU.ActiveCfg = Debug|Any CPU
		{835402F8-EBA4-4FE4-99E1-4890032B6928}.Debug|Any CPU.Build.0 = Debug|Any CPU
		{835402F8-EBA4-4FE4-99E1-4890032B6928}.Release|Any CPU.ActiveCfg = Release|Any CPU
		{835402F8-EBA4-4FE4-99E1-4890032B6928}.Release|Any CPU.Build.0 = Release|Any CPU
	EndGlobalSection
	GlobalSection(SolutionProperties) = preSolution
		HideSolutionNode = FALSE
	EndGlobalSection
	GlobalSection(ExtensibilityGlobals) = postSolution
		SolutionGuid = {1B6C6373-336E-4413-B6D5-E4132AA810DD}
	EndGlobalSection
EndGlobal
